
Microsoft Visual Studio Solution File, Format Version 12.00
# Visual Studio Version 17
VisualStudioVersion = 17.14.36915.13 d17.14
MinimumVisualStudioVersion = 10.0.40219.1
Project("{FAE04EC0-301F-11D3-BF4B-00C04F79EFBC}") = "HilalVehicleLimit", "HilalVehicleLimit\HilalVehicleLimit.csproj", "{CAFF76C6-764B-48CF-9E25-B74CBA2E348A}"
EndProject
Global
	GlobalSection(SolutionConfigurationPlatforms) = preSolution
		Debug|Any CPU = Debug|Any CPU
		Release|Any CPU = Release|Any CPU
	EndGlobalSection
	GlobalSection(ProjectConfigurationPlatforms) = postSolution
		{CAFF76C6-764B-48CF-9E25-B74CBA2E348A}.Debug|Any CPU.ActiveCfg = Debug|Any CPU
		{CAFF76C6-764B-48CF-9E25-B74CBA2E348A}.Debug|Any CPU.Build.0 = Debug|Any CPU
		{CAFF76C6-764B-48CF-9E25-B74CBA2E348A}.Release|Any CPU.ActiveCfg = Release|Any CPU
		{CAFF76C6-764B-48CF-9E25-B74CBA2E348A}.Release|Any CPU.Build.0 = Release|Any CPU
	EndGlobalSection
	GlobalSection(SolutionProperties) = preSolution
		HideSolutionNode = FALSE
	EndGlobalSection
	GlobalSection(ExtensibilityGlobals) = postSolution
		SolutionGuid = {78A55B48-2261-4001-86BF-FB2F91040C9D}
	EndGlobalSection
EndGlobal
